
Microsoft Visual Studio Solution File, Format Version 12.00
# Visual Studio 2013
VisualStudioVersion = 12.0.31101.0
MinimumVisualStudioVersion = 10.0.40219.1
Project("{2150E333-8FDC-42A3-9474-1A3956D46DE8}") = "Clients", "Clients", "{7BDA6BD5-5308-4809-AF65-4C7EE55E324A}"
EndProject
Project("{2150E333-8FDC-42A3-9474-1A3956D46DE8}") = "Unity", "Unity", "{70136041-BD79-4E57-8BE1-7BB611F1BC3D}"
EndProject
Project("{FAE04EC0-301F-11D3-BF4B-00C04F79EFBC}") = "Stormancer.Unity", "Clients\Unity\Stormancer.Unity\Stormancer.Unity.csproj", "{DAC77239-930B-454A-8ED6-82C31A7B2ABD}"
EndProject
Project("{2150E333-8FDC-42A3-9474-1A3956D46DE8}") = "libs", "libs", "{9F7718C0-CEFB-4C13-AA3E-A43EA3B1170E}"
EndProject
Project("{2150E333-8FDC-42A3-9474-1A3956D46DE8}") = "Unity", "Unity", "{65FEAD7F-0F78-4B1D-98D4-B4F6A44F912D}"
EndProject
Project("{FAE04EC0-301F-11D3-BF4B-00C04F79EFBC}") = "UniRx", "libs\Unity\UniRx\UniRx.csproj", "{9CB53456-6C06-40AE-9D1F-82639FF90982}"
EndProject
Project("{FAE04EC0-301F-11D3-BF4B-00C04F79EFBC}") = "MsgPack", "libs\Unity\MsgPack\MsgPack.csproj", "{224120C7-9061-40C4-BE7B-8F32113FFF0D}"
EndProject
Project("{2150E333-8FDC-42A3-9474-1A3956D46DE8}") = "Common", "Common", "{EC648FFE-38FA-48E2-95E6-4E41CC5B7E6F}"
EndProject
Project("{FAE04EC0-301F-11D3-BF4B-00C04F79EFBC}") = "Stormancer.Core", "Common\Stormancer.Core\Stormancer.Core.csproj", "{4CFA72EA-D026-455A-90E9-C8E30DBA3DDD}"
EndProject
Project("{FAE04EC0-301F-11D3-BF4B-00C04F79EFBC}") = "UnityHttp", "libs\Unity\UnityHttp\UnityHttp.csproj", "{212D3970-1A5B-4EED-A2F4-49657EBFCAD4}"
EndProject
Project("{FAE04EC0-301F-11D3-BF4B-00C04F79EFBC}") = "Unity.Tasks", "libs\Unity\Unity.Tasks\Unity.Tasks.csproj", "{81E29676-E413-4D27-8426-DE539DABFE2F}"
EndProject
Project("{FAE04EC0-301F-11D3-BF4B-00C04F79EFBC}") = "Stormancer.js", "Clients\Stormancer.js\Stormancer.js.csproj", "{AC5DB693-0AAB-4BA7-8D74-67C307BCDCE7}"
EndProject
Project("{FAE04EC0-301F-11D3-BF4B-00C04F79EFBC}") = "websocket-sharp", "libs\Unity\WebsocketSharp\websocket-sharp.csproj", "{B357BAC7-529E-4D81-A0D2-71041B19C8DE}"
EndProject
Global
	GlobalSection(SolutionConfigurationPlatforms) = preSolution
		Debug_Ubuntu|Any CPU = Debug_Ubuntu|Any CPU
		Debug|Any CPU = Debug|Any CPU
		Release_Ubuntu|Any CPU = Release_Ubuntu|Any CPU
		Release|Any CPU = Release|Any CPU
		Staging|Any CPU = Staging|Any CPU
	EndGlobalSection
	GlobalSection(ProjectConfigurationPlatforms) = postSolution
		{DAC77239-930B-454A-8ED6-82C31A7B2ABD}.Debug_Ubuntu|Any CPU.ActiveCfg = Debug|Any CPU
		{DAC77239-930B-454A-8ED6-82C31A7B2ABD}.Debug_Ubuntu|Any CPU.Build.0 = Debug|Any CPU
		{DAC77239-930B-454A-8ED6-82C31A7B2ABD}.Debug|Any CPU.ActiveCfg = Debug|Any CPU
		{DAC77239-930B-454A-8ED6-82C31A7B2ABD}.Debug|Any CPU.Build.0 = Debug|Any CPU
		{DAC77239-930B-454A-8ED6-82C31A7B2ABD}.Release_Ubuntu|Any CPU.ActiveCfg = Release|Any CPU
		{DAC77239-930B-454A-8ED6-82C31A7B2ABD}.Release_Ubuntu|Any CPU.Build.0 = Release|Any CPU
		{DAC77239-930B-454A-8ED6-82C31A7B2ABD}.Release|Any CPU.ActiveCfg = Release|Any CPU
		{DAC77239-930B-454A-8ED6-82C31A7B2ABD}.Release|Any CPU.Build.0 = Release|Any CPU
		{DAC77239-930B-454A-8ED6-82C31A7B2ABD}.Staging|Any CPU.ActiveCfg = Release|Any CPU
		{DAC77239-930B-454A-8ED6-82C31A7B2ABD}.Staging|Any CPU.Build.0 = Release|Any CPU
		{9CB53456-6C06-40AE-9D1F-82639FF90982}.Debug_Ubuntu|Any CPU.ActiveCfg = Debug|Any CPU
		{9CB53456-6C06-40AE-9D1F-82639FF90982}.Debug_Ubuntu|Any CPU.Build.0 = Debug|Any CPU
		{9CB53456-6C06-40AE-9D1F-82639FF90982}.Debug|Any CPU.ActiveCfg = Debug|Any CPU
		{9CB53456-6C06-40AE-9D1F-82639FF90982}.Debug|Any CPU.Build.0 = Debug|Any CPU
		{9CB53456-6C06-40AE-9D1F-82639FF90982}.Release_Ubuntu|Any CPU.ActiveCfg = Release|Any CPU
		{9CB53456-6C06-40AE-9D1F-82639FF90982}.Release_Ubuntu|Any CPU.Build.0 = Release|Any CPU
		{9CB53456-6C06-40AE-9D1F-82639FF90982}.Release|Any CPU.ActiveCfg = Release|Any CPU
		{9CB53456-6C06-40AE-9D1F-82639FF90982}.Release|Any CPU.Build.0 = Release|Any CPU
		{9CB53456-6C06-40AE-9D1F-82639FF90982}.Staging|Any CPU.ActiveCfg = Release|Any CPU
		{9CB53456-6C06-40AE-9D1F-82639FF90982}.Staging|Any CPU.Build.0 = Release|Any CPU
		{224120C7-9061-40C4-BE7B-8F32113FFF0D}.Debug_Ubuntu|Any CPU.ActiveCfg = Debug|Any CPU
		{224120C7-9061-40C4-BE7B-8F32113FFF0D}.Debug_Ubuntu|Any CPU.Build.0 = Debug|Any CPU
		{224120C7-9061-40C4-BE7B-8F32113FFF0D}.Debug|Any CPU.ActiveCfg = Release|Any CPU
		{224120C7-9061-40C4-BE7B-8F32113FFF0D}.Debug|Any CPU.Build.0 = Release|Any CPU
		{224120C7-9061-40C4-BE7B-8F32113FFF0D}.Release_Ubuntu|Any CPU.ActiveCfg = Release|Any CPU
		{224120C7-9061-40C4-BE7B-8F32113FFF0D}.Release_Ubuntu|Any CPU.Build.0 = Release|Any CPU
		{224120C7-9061-40C4-BE7B-8F32113FFF0D}.Release|Any CPU.ActiveCfg = Release|Any CPU
		{224120C7-9061-40C4-BE7B-8F32113FFF0D}.Release|Any CPU.Build.0 = Release|Any CPU
		{224120C7-9061-40C4-BE7B-8F32113FFF0D}.Staging|Any CPU.ActiveCfg = Debug|Any CPU
		{224120C7-9061-40C4-BE7B-8F32113FFF0D}.Staging|Any CPU.Build.0 = Debug|Any CPU
		{4CFA72EA-D026-455A-90E9-C8E30DBA3DDD}.Debug_Ubuntu|Any CPU.ActiveCfg = Debug|Any CPU
		{4CFA72EA-D026-455A-90E9-C8E30DBA3DDD}.Debug_Ubuntu|Any CPU.Build.0 = Debug|Any CPU
		{4CFA72EA-D026-455A-90E9-C8E30DBA3DDD}.Debug|Any CPU.ActiveCfg = Debug|Any CPU
		{4CFA72EA-D026-455A-90E9-C8E30DBA3DDD}.Debug|Any CPU.Build.0 = Debug|Any CPU
		{4CFA72EA-D026-455A-90E9-C8E30DBA3DDD}.Release_Ubuntu|Any CPU.ActiveCfg = Release|Any CPU
		{4CFA72EA-D026-455A-90E9-C8E30DBA3DDD}.Release_Ubuntu|Any CPU.Build.0 = Release|Any CPU
		{4CFA72EA-D026-455A-90E9-C8E30DBA3DDD}.Release|Any CPU.ActiveCfg = Release|Any CPU
		{4CFA72EA-D026-455A-90E9-C8E30DBA3DDD}.Release|Any CPU.Build.0 = Release|Any CPU
		{4CFA72EA-D026-455A-90E9-C8E30DBA3DDD}.Staging|Any CPU.ActiveCfg = Release|Any CPU
		{4CFA72EA-D026-455A-90E9-C8E30DBA3DDD}.Staging|Any CPU.Build.0 = Release|Any CPU
		{212D3970-1A5B-4EED-A2F4-49657EBFCAD4}.Debug_Ubuntu|Any CPU.ActiveCfg = Debug|Any CPU
		{212D3970-1A5B-4EED-A2F4-49657EBFCAD4}.Debug_Ubuntu|Any CPU.Build.0 = Debug|Any CPU
		{212D3970-1A5B-4EED-A2F4-49657EBFCAD4}.Debug|Any CPU.ActiveCfg = Debug|Any CPU
		{212D3970-1A5B-4EED-A2F4-49657EBFCAD4}.Debug|Any CPU.Build.0 = Debug|Any CPU
		{212D3970-1A5B-4EED-A2F4-49657EBFCAD4}.Release_Ubuntu|Any CPU.ActiveCfg = Release|Any CPU
		{212D3970-1A5B-4EED-A2F4-49657EBFCAD4}.Release_Ubuntu|Any CPU.Build.0 = Release|Any CPU
		{212D3970-1A5B-4EED-A2F4-49657EBFCAD4}.Release|Any CPU.ActiveCfg = Release|Any CPU
		{212D3970-1A5B-4EED-A2F4-49657EBFCAD4}.Release|Any CPU.Build.0 = Release|Any CPU
		{212D3970-1A5B-4EED-A2F4-49657EBFCAD4}.Staging|Any CPU.ActiveCfg = Release|Any CPU
		{212D3970-1A5B-4EED-A2F4-49657EBFCAD4}.Staging|Any CPU.Build.0 = Release|Any CPU
		{81E29676-E413-4D27-8426-DE539DABFE2F}.Debug_Ubuntu|Any CPU.ActiveCfg = Debug|Any CPU
		{81E29676-E413-4D27-8426-DE539DABFE2F}.Debug_Ubuntu|Any CPU.Build.0 = Debug|Any CPU
		{81E29676-E413-4D27-8426-DE539DABFE2F}.Debug|Any CPU.ActiveCfg = Debug|Any CPU
		{81E29676-E413-4D27-8426-DE539DABFE2F}.Debug|Any CPU.Build.0 = Debug|Any CPU
		{81E29676-E413-4D27-8426-DE539DABFE2F}.Release_Ubuntu|Any CPU.ActiveCfg = Release|Any CPU
		{81E29676-E413-4D27-8426-DE539DABFE2F}.Release_Ubuntu|Any CPU.Build.0 = Release|Any CPU
		{81E29676-E413-4D27-8426-DE539DABFE2F}.Release|Any CPU.ActiveCfg = Release|Any CPU
		{81E29676-E413-4D27-8426-DE539DABFE2F}.Release|Any CPU.Build.0 = Release|Any CPU
		{81E29676-E413-4D27-8426-DE539DABFE2F}.Staging|Any CPU.ActiveCfg = Release|Any CPU
		{81E29676-E413-4D27-8426-DE539DABFE2F}.Staging|Any CPU.Build.0 = Release|Any CPU
		{AC5DB693-0AAB-4BA7-8D74-67C307BCDCE7}.Debug_Ubuntu|Any CPU.ActiveCfg = Debug|Any CPU
		{AC5DB693-0AAB-4BA7-8D74-67C307BCDCE7}.Debug_Ubuntu|Any CPU.Build.0 = Debug|Any CPU
		{AC5DB693-0AAB-4BA7-8D74-67C307BCDCE7}.Debug|Any CPU.ActiveCfg = Debug|Any CPU
		{AC5DB693-0AAB-4BA7-8D74-67C307BCDCE7}.Debug|Any CPU.Build.0 = Debug|Any CPU
		{AC5DB693-0AAB-4BA7-8D74-67C307BCDCE7}.Release_Ubuntu|Any CPU.ActiveCfg = Release|Any CPU
		{AC5DB693-0AAB-4BA7-8D74-67C307BCDCE7}.Release_Ubuntu|Any CPU.Build.0 = Release|Any CPU
		{AC5DB693-0AAB-4BA7-8D74-67C307BCDCE7}.Release|Any CPU.ActiveCfg = Release|Any CPU
		{AC5DB693-0AAB-4BA7-8D74-67C307BCDCE7}.Release|Any CPU.Build.0 = Release|Any CPU
		{AC5DB693-0AAB-4BA7-8D74-67C307BCDCE7}.Staging|Any CPU.ActiveCfg = Release|Any CPU
		{AC5DB693-0AAB-4BA7-8D74-67C307BCDCE7}.Staging|Any CPU.Build.0 = Release|Any CPU
		{B357BAC7-529E-4D81-A0D2-71041B19C8DE}.Debug_Ubuntu|Any CPU.ActiveCfg = Debug_Ubuntu|Any CPU
		{B357BAC7-529E-4D81-A0D2-71041B19C8DE}.Debug_Ubuntu|Any CPU.Build.0 = Debug_Ubuntu|Any CPU
		{B357BAC7-529E-4D81-A0D2-71041B19C8DE}.Debug|Any CPU.ActiveCfg = Debug|Any CPU
		{B357BAC7-529E-4D81-A0D2-71041B19C8DE}.Debug|Any CPU.Build.0 = Debug|Any CPU
		{B357BAC7-529E-4D81-A0D2-71041B19C8DE}.Release_Ubuntu|Any CPU.ActiveCfg = Release_Ubuntu|Any CPU
		{B357BAC7-529E-4D81-A0D2-71041B19C8DE}.Release_Ubuntu|Any CPU.Build.0 = Release_Ubuntu|Any CPU
		{B357BAC7-529E-4D81-A0D2-71041B19C8DE}.Release|Any CPU.ActiveCfg = Release|Any CPU
		{B357BAC7-529E-4D81-A0D2-71041B19C8DE}.Release|Any CPU.Build.0 = Release|Any CPU
		{B357BAC7-529E-4D81-A0D2-71041B19C8DE}.Staging|Any CPU.ActiveCfg = Staging|Any CPU
		{B357BAC7-529E-4D81-A0D2-71041B19C8DE}.Staging|Any CPU.Build.0 = Staging|Any CPU
	EndGlobalSection
	GlobalSection(SolutionProperties) = preSolution
		HideSolutionNode = FALSE
	EndGlobalSection
	GlobalSection(NestedProjects) = preSolution
		{70136041-BD79-4E57-8BE1-7BB611F1BC3D} = {7BDA6BD5-5308-4809-AF65-4C7EE55E324A}
		{DAC77239-930B-454A-8ED6-82C31A7B2ABD} = {70136041-BD79-4E57-8BE1-7BB611F1BC3D}
		{65FEAD7F-0F78-4B1D-98D4-B4F6A44F912D} = {9F7718C0-CEFB-4C13-AA3E-A43EA3B1170E}
		{9CB53456-6C06-40AE-9D1F-82639FF90982} = {65FEAD7F-0F78-4B1D-98D4-B4F6A44F912D}
		{224120C7-9061-40C4-BE7B-8F32113FFF0D} = {65FEAD7F-0F78-4B1D-98D4-B4F6A44F912D}
		{4CFA72EA-D026-455A-90E9-C8E30DBA3DDD} = {EC648FFE-38FA-48E2-95E6-4E41CC5B7E6F}
		{212D3970-1A5B-4EED-A2F4-49657EBFCAD4} = {65FEAD7F-0F78-4B1D-98D4-B4F6A44F912D}
		{81E29676-E413-4D27-8426-DE539DABFE2F} = {65FEAD7F-0F78-4B1D-98D4-B4F6A44F912D}
		{AC5DB693-0AAB-4BA7-8D74-67C307BCDCE7} = {7BDA6BD5-5308-4809-AF65-4C7EE55E324A}
		{B357BAC7-529E-4D81-A0D2-71041B19C8DE} = {65FEAD7F-0F78-4B1D-98D4-B4F6A44F912D}
	EndGlobalSection
EndGlobal
